// !$*UTF8*$!
{
	archiveVersion = 1;
	classes = {
	};
	objectVersion = 46;
	objects = {

/* Begin PBXBuildFile section */
		833AD92BD920241C90F275D0 /* Pods_IceCreamShop.framework in Frameworks */ = {isa = PBXBuildFile; fileRef = EE51292B7107FD58E1958E0F /* Pods_IceCreamShop.framework */; };
		95B351D920DA6196008C9DEB /* RGBAColorFromString.swift in Sources */ = {isa = PBXBuildFile; fileRef = 95B351D820DA6196008C9DEB /* RGBAColorFromString.swift */; };
		95B351DC20DA619E008C9DEB /* PickFlavorDataSource.swift in Sources */ = {isa = PBXBuildFile; fileRef = 95B351DA20DA619E008C9DEB /* PickFlavorDataSource.swift */; };
		95B351DD20DA619E008C9DEB /* PickFlavorViewController.swift in Sources */ = {isa = PBXBuildFile; fileRef = 95B351DB20DA619E008C9DEB /* PickFlavorViewController.swift */; };
		95B351DF20DA61BA008C9DEB /* Flavor.swift in Sources */ = {isa = PBXBuildFile; fileRef = 95B351DE20DA61BA008C9DEB /* Flavor.swift */; };
		95B351E320DA61DE008C9DEB /* ScoopView.swift in Sources */ = {isa = PBXBuildFile; fileRef = 95B351E020DA61DE008C9DEB /* ScoopView.swift */; };
		95B351E420DA61DE008C9DEB /* IceCreamView.swift in Sources */ = {isa = PBXBuildFile; fileRef = 95B351E120DA61DE008C9DEB /* IceCreamView.swift */; };
		95B351E520DA61DE008C9DEB /* ScoopCell.swift in Sources */ = {isa = PBXBuildFile; fileRef = 95B351E220DA61DE008C9DEB /* ScoopCell.swift */; };
		95B351E820DA61E5008C9DEB /* Main.storyboard in Resources */ = {isa = PBXBuildFile; fileRef = 95B351E620DA61E4008C9DEB /* Main.storyboard */; };
		95B351EA20DA6224008C9DEB /* AppDelegate.swift in Sources */ = {isa = PBXBuildFile; fileRef = 95B351E920DA6224008C9DEB /* AppDelegate.swift */; };
		95B351EC20DA622B008C9DEB /* LaunchScreen.xib in Resources */ = {isa = PBXBuildFile; fileRef = 95B351EB20DA622B008C9DEB /* LaunchScreen.xib */; };
		95B3523120DA727B008C9DEB /* Images.xcassets in Resources */ = {isa = PBXBuildFile; fileRef = 95B3523020DA727B008C9DEB /* Images.xcassets */; };
/* End PBXBuildFile section */

/* Begin PBXFileReference section */
		14C33429850A82757278CF43 /* Pods-IceCreamShopTests.debug.xcconfig */ = {isa = PBXFileReference; includeInIndex = 1; lastKnownFileType = text.xcconfig; name = "Pods-IceCreamShopTests.debug.xcconfig"; path = "Pods/Target Support Files/Pods-IceCreamShopTests/Pods-IceCreamShopTests.debug.xcconfig"; sourceTree = "<group>"; };
		1BAEFF67F5E86D5A4DF87CD7 /* Pods-IceCreamShopTests.release.xcconfig */ = {isa = PBXFileReference; includeInIndex = 1; lastKnownFileType = text.xcconfig; name = "Pods-IceCreamShopTests.release.xcconfig"; path = "Pods/Target Support Files/Pods-IceCreamShopTests/Pods-IceCreamShopTests.release.xcconfig"; sourceTree = "<group>"; };
		2F21533F35464A18C14C9908 /* Pods_IceCreamShopTests.framework */ = {isa = PBXFileReference; explicitFileType = wrapper.framework; includeInIndex = 0; path = Pods_IceCreamShopTests.framework; sourceTree = BUILT_PRODUCTS_DIR; };
		42801B4F1A881DF600DEB026 /* IceCreamShop.app */ = {isa = PBXFileReference; explicitFileType = wrapper.application; includeInIndex = 0; path = IceCreamShop.app; sourceTree = BUILT_PRODUCTS_DIR; };
		42801B531A881DF600DEB026 /* Info.plist */ = {isa = PBXFileReference; lastKnownFileType = text.plist.xml; path = Info.plist; sourceTree = "<group>"; };
		42B433FC1A89F78F0091170B /* IceCreamShop-Bridging-Header.h */ = {isa = PBXFileReference; lastKnownFileType = sourcecode.c.h; path = "IceCreamShop-Bridging-Header.h"; sourceTree = "<group>"; };
		7342C01DCB8CB9297FD4C2B4 /* Pods-IceCreamShop.debug.xcconfig */ = {isa = PBXFileReference; includeInIndex = 1; lastKnownFileType = text.xcconfig; name = "Pods-IceCreamShop.debug.xcconfig"; path = "Pods/Target Support Files/Pods-IceCreamShop/Pods-IceCreamShop.debug.xcconfig"; sourceTree = "<group>"; };
		95B351D820DA6196008C9DEB /* RGBAColorFromString.swift */ = {isa = PBXFileReference; fileEncoding = 4; lastKnownFileType = sourcecode.swift; path = RGBAColorFromString.swift; sourceTree = "<group>"; };
		95B351DA20DA619E008C9DEB /* PickFlavorDataSource.swift */ = {isa = PBXFileReference; fileEncoding = 4; lastKnownFileType = sourcecode.swift; path = PickFlavorDataSource.swift; sourceTree = "<group>"; };
		95B351DB20DA619E008C9DEB /* PickFlavorViewController.swift */ = {isa = PBXFileReference; fileEncoding = 4; lastKnownFileType = sourcecode.swift; path = PickFlavorViewController.swift; sourceTree = "<group>"; };
		95B351DE20DA61BA008C9DEB /* Flavor.swift */ = {isa = PBXFileReference; fileEncoding = 4; lastKnownFileType = sourcecode.swift; path = Flavor.swift; sourceTree = "<group>"; };
		95B351E020DA61DE008C9DEB /* ScoopView.swift */ = {isa = PBXFileReference; fileEncoding = 4; lastKnownFileType = sourcecode.swift; path = ScoopView.swift; sourceTree = "<group>"; };
		95B351E120DA61DE008C9DEB /* IceCreamView.swift */ = {isa = PBXFileReference; fileEncoding = 4; lastKnownFileType = sourcecode.swift; path = IceCreamView.swift; sourceTree = "<group>"; };
		95B351E220DA61DE008C9DEB /* ScoopCell.swift */ = {isa = PBXFileReference; fileEncoding = 4; lastKnownFileType = sourcecode.swift; path = ScoopCell.swift; sourceTree = "<group>"; };
		95B351E720DA61E4008C9DEB /* Base */ = {isa = PBXFileReference; lastKnownFileType = file.storyboard; name = Base; path = Base.lproj/Main.storyboard; sourceTree = "<group>"; };
		95B351E920DA6224008C9DEB /* AppDelegate.swift */ = {isa = PBXFileReference; fileEncoding = 4; lastKnownFileType = sourcecode.swift; path = AppDelegate.swift; sourceTree = "<group>"; };
		95B351EB20DA622B008C9DEB /* LaunchScreen.xib */ = {isa = PBXFileReference; fileEncoding = 4; lastKnownFileType = file.xib; path = LaunchScreen.xib; sourceTree = "<group>"; };
		95B3523020DA727B008C9DEB /* Images.xcassets */ = {isa = PBXFileReference; lastKnownFileType = folder.assetcatalog; path = Images.xcassets; sourceTree = "<group>"; };
		D9E69C63C94D0CE496526C74 /* Pods-IceCreamShop.release.xcconfig */ = {isa = PBXFileReference; includeInIndex = 1; lastKnownFileType = text.xcconfig; name = "Pods-IceCreamShop.release.xcconfig"; path = "Pods/Target Support Files/Pods-IceCreamShop/Pods-IceCreamShop.release.xcconfig"; sourceTree = "<group>"; };
		EE51292B7107FD58E1958E0F /* Pods_IceCreamShop.framework */ = {isa = PBXFileReference; explicitFileType = wrapper.framework; includeInIndex = 0; path = Pods_IceCreamShop.framework; sourceTree = BUILT_PRODUCTS_DIR; };
/* End PBXFileReference section */

/* Begin PBXFrameworksBuildPhase section */
		2E3FFC2B5D697FDBF99A9C5C /* Frameworks */ = {
			isa = PBXFrameworksBuildPhase;
			buildActionMask = 2147483647;
			files = (
				833AD92BD920241C90F275D0 /* Pods_IceCreamShop.framework in Frameworks */,
			);
			runOnlyForDeploymentPostprocessing = 0;
		};
/* End PBXFrameworksBuildPhase section */

/* Begin PBXGroup section */
		42801B461A881DF600DEB026 = {
			isa = PBXGroup;
			children = (
				42801B511A881DF600DEB026 /* IceCreamShop */,
				42801B501A881DF600DEB026 /* Products */,
				98EC7A61D1A61457090E4E3B /* Pods */,
				DD33DE1F0DF99ABA59DF5340 /* Frameworks */,
			);
			indentWidth = 2;
			sourceTree = "<group>";
			tabWidth = 2;
		};
		42801B501A881DF600DEB026 /* Products */ = {
			isa = PBXGroup;
			children = (
				42801B4F1A881DF600DEB026 /* IceCreamShop.app */,
			);
			name = Products;
			sourceTree = "<group>";
		};
		42801B511A881DF600DEB026 /* IceCreamShop */ = {
			isa = PBXGroup;
			children = (
				95B351E920DA6224008C9DEB /* AppDelegate.swift */,
				95B351EB20DA622B008C9DEB /* LaunchScreen.xib */,
				95B351D720DA6132008C9DEB /* Models */,
				95B351D620DA612E008C9DEB /* Views */,
				95B351D520DA612A008C9DEB /* Categories */,
				95B351D420DA6125008C9DEB /* Controllers */,
				95B3522F20DA7245008C9DEB /* Resources */,
				42801B521A881DF600DEB026 /* Supporting Files */,
			);
			path = IceCreamShop;
			sourceTree = "<group>";
		};
		42801B521A881DF600DEB026 /* Supporting Files */ = {
			isa = PBXGroup;
			children = (
				42B433FC1A89F78F0091170B /* IceCreamShop-Bridging-Header.h */,
				42801B531A881DF600DEB026 /* Info.plist */,
			);
			name = "Supporting Files";
			sourceTree = "<group>";
		};
		95B351D420DA6125008C9DEB /* Controllers */ = {
			isa = PBXGroup;
			children = (
				95B351DA20DA619E008C9DEB /* PickFlavorDataSource.swift */,
				95B351DB20DA619E008C9DEB /* PickFlavorViewController.swift */,
			);
			path = Controllers;
			sourceTree = "<group>";
		};
		95B351D520DA612A008C9DEB /* Categories */ = {
			isa = PBXGroup;
			children = (
				95B351D820DA6196008C9DEB /* RGBAColorFromString.swift */,
			);
			path = Categories;
			sourceTree = "<group>";
		};
		95B351D620DA612E008C9DEB /* Views */ = {
			isa = PBXGroup;
			children = (
				95B351E620DA61E4008C9DEB /* Main.storyboard */,
				95B351E120DA61DE008C9DEB /* IceCreamView.swift */,
				95B351E220DA61DE008C9DEB /* ScoopCell.swift */,
				95B351E020DA61DE008C9DEB /* ScoopView.swift */,
			);
			path = Views;
			sourceTree = "<group>";
		};
		95B351D720DA6132008C9DEB /* Models */ = {
			isa = PBXGroup;
			children = (
				95B351DE20DA61BA008C9DEB /* Flavor.swift */,
			);
			path = Models;
			sourceTree = "<group>";
		};
		95B3522F20DA7245008C9DEB /* Resources */ = {
			isa = PBXGroup;
			children = (
				95B3523020DA727B008C9DEB /* Images.xcassets */,
			);
			path = Resources;
			sourceTree = "<group>";
		};
		98EC7A61D1A61457090E4E3B /* Pods */ = {
			isa = PBXGroup;
			children = (
				7342C01DCB8CB9297FD4C2B4 /* Pods-IceCreamShop.debug.xcconfig */,
				D9E69C63C94D0CE496526C74 /* Pods-IceCreamShop.release.xcconfig */,
				14C33429850A82757278CF43 /* Pods-IceCreamShopTests.debug.xcconfig */,
				1BAEFF67F5E86D5A4DF87CD7 /* Pods-IceCreamShopTests.release.xcconfig */,
			);
			name = Pods;
			sourceTree = "<group>";
		};
		DD33DE1F0DF99ABA59DF5340 /* Frameworks */ = {
			isa = PBXGroup;
			children = (
				EE51292B7107FD58E1958E0F /* Pods_IceCreamShop.framework */,
				2F21533F35464A18C14C9908 /* Pods_IceCreamShopTests.framework */,
			);
			name = Frameworks;
			sourceTree = "<group>";
		};
/* End PBXGroup section */

/* Begin PBXNativeTarget section */
		42801B4E1A881DF600DEB026 /* IceCreamShop */ = {
			isa = PBXNativeTarget;
			buildConfigurationList = 42801B6E1A881DF600DEB026 /* Build configuration list for PBXNativeTarget "IceCreamShop" */;
			buildPhases = (
				9592C0DD001CFFBFA0F0E603 /* [CP] Check Pods Manifest.lock */,
				42801B4B1A881DF600DEB026 /* Sources */,
				42801B4D1A881DF600DEB026 /* Resources */,
				2E3FFC2B5D697FDBF99A9C5C /* Frameworks */,
				6EFC6CF279D2E40D27E52041 /* [CP] Embed Pods Frameworks */,
			);
			buildRules = (
			);
			dependencies = (
			);
			name = IceCreamShop;
			productName = IceCreamShop;
			productReference = 42801B4F1A881DF600DEB026 /* IceCreamShop.app */;
			productType = "com.apple.product-type.application";
		};
/* End PBXNativeTarget section */

/* Begin PBXProject section */
		42801B471A881DF600DEB026 /* Project object */ = {
			isa = PBXProject;
			attributes = {
				LastSwiftMigration = 0700;
				LastSwiftUpdateCheck = 0700;
				LastUpgradeCheck = 0940;
				ORGANIZATIONNAME = "Ray Wenderlich";
				TargetAttributes = {
					42801B4E1A881DF600DEB026 = {
						CreatedOnToolsVersion = 6.1.1;
						LastSwiftMigration = 1000;
					};
				};
			};
			buildConfigurationList = 42801B4A1A881DF600DEB026 /* Build configuration list for PBXProject "IceCreamShop" */;
			compatibilityVersion = "Xcode 3.2";
			developmentRegion = English;
			hasScannedForEncodings = 0;
			knownRegions = (
				en,
				Base,
			);
			mainGroup = 42801B461A881DF600DEB026;
			productRefGroup = 42801B501A881DF600DEB026 /* Products */;
			projectDirPath = "";
			projectRoot = "";
			targets = (
				42801B4E1A881DF600DEB026 /* IceCreamShop */,
			);
		};
/* End PBXProject section */

/* Begin PBXResourcesBuildPhase section */
		42801B4D1A881DF600DEB026 /* Resources */ = {
			isa = PBXResourcesBuildPhase;
			buildActionMask = 2147483647;
			files = (
				95B3523120DA727B008C9DEB /* Images.xcassets in Resources */,
				95B351EC20DA622B008C9DEB /* LaunchScreen.xib in Resources */,
				95B351E820DA61E5008C9DEB /* Main.storyboard in Resources */,
			);
			runOnlyForDeploymentPostprocessing = 0;
		};
/* End PBXResourcesBuildPhase section */

/* Begin PBXShellScriptBuildPhase section */
		6EFC6CF279D2E40D27E52041 /* [CP] Embed Pods Frameworks */ = {
			isa = PBXShellScriptBuildPhase;
			buildActionMask = 2147483647;
			files = (
			);
			inputPaths = (
				"${SRCROOT}/Pods/Target Support Files/Pods-IceCreamShop/Pods-IceCreamShop-frameworks.sh",
				"${BUILT_PRODUCTS_DIR}/Alamofire/Alamofire.framework",
				"${BUILT_PRODUCTS_DIR}/MBProgressHUD/MBProgressHUD.framework",
			);
			name = "[CP] Embed Pods Frameworks";
			outputPaths = (
				"${TARGET_BUILD_DIR}/${FRAMEWORKS_FOLDER_PATH}/Alamofire.framework",
				"${TARGET_BUILD_DIR}/${FRAMEWORKS_FOLDER_PATH}/MBProgressHUD.framework",
			);
			runOnlyForDeploymentPostprocessing = 0;
			shellPath = /bin/sh;
			shellScript = "\"${SRCROOT}/Pods/Target Support Files/Pods-IceCreamShop/Pods-IceCreamShop-frameworks.sh\"\n";
			showEnvVarsInLog = 0;
		};
		9592C0DD001CFFBFA0F0E603 /* [CP] Check Pods Manifest.lock */ = {
			isa = PBXShellScriptBuildPhase;
			buildActionMask = 2147483647;
			files = (
			);
			inputPaths = (
				"${PODS_PODFILE_DIR_PATH}/Podfile.lock",
				"${PODS_ROOT}/Manifest.lock",
			);
			name = "[CP] Check Pods Manifest.lock";
			outputPaths = (
				"$(DERIVED_FILE_DIR)/Pods-IceCreamShop-checkManifestLockResult.txt",
			);
			runOnlyForDeploymentPostprocessing = 0;
			shellPath = /bin/sh;
			shellScript = "diff \"${PODS_PODFILE_DIR_PATH}/Podfile.lock\" \"${PODS_ROOT}/Manifest.lock\" > /dev/null\nif [ $? != 0 ] ; then\n    # print error to STDERR\n    echo \"error: The sandbox is not in sync with the Podfile.lock. Run 'pod install' or update your CocoaPods installation.\" >&2\n    exit 1\nfi\n# This output is used by Xcode 'outputs' to avoid re-running this script phase.\necho \"SUCCESS\" > \"${SCRIPT_OUTPUT_FILE_0}\"\n";
			showEnvVarsInLog = 0;
		};
/* End PBXShellScriptBuildPhase section */

/* Begin PBXSourcesBuildPhase section */
		42801B4B1A881DF600DEB026 /* Sources */ = {
			isa = PBXSourcesBuildPhase;
			buildActionMask = 2147483647;
			files = (
				95B351EA20DA6224008C9DEB /* AppDelegate.swift in Sources */,
				95B351D920DA6196008C9DEB /* RGBAColorFromString.swift in Sources */,
				95B351E320DA61DE008C9DEB /* ScoopView.swift in Sources */,
				95B351E520DA61DE008C9DEB /* ScoopCell.swift in Sources */,
				95B351DF20DA61BA008C9DEB /* Flavor.swift in Sources */,
				95B351DC20DA619E008C9DEB /* PickFlavorDataSource.swift in Sources */,
				95B351DD20DA619E008C9DEB /* PickFlavorViewController.swift in Sources */,
				95B351E420DA61DE008C9DEB /* IceCreamView.swift in Sources */,
			);
			runOnlyForDeploymentPostprocessing = 0;
		};
/* End PBXSourcesBuildPhase section */

/* Begin PBXVariantGroup section */
		95B351E620DA61E4008C9DEB /* Main.storyboard */ = {
			isa = PBXVariantGroup;
			children = (
				95B351E720DA61E4008C9DEB /* Base */,
			);
			name = Main.storyboard;
			sourceTree = "<group>";
		};
/* End PBXVariantGroup section */

/* Begin XCBuildConfiguration section */
		42801B6C1A881DF600DEB026 /* Debug */ = {
			isa = XCBuildConfiguration;
			buildSettings = {
				ALWAYS_SEARCH_USER_PATHS = NO;
				CLANG_CXX_LANGUAGE_STANDARD = "gnu++0x";
				CLANG_CXX_LIBRARY = "libc++";
				CLANG_ENABLE_MODULES = YES;
				CLANG_ENABLE_OBJC_ARC = YES;
				CLANG_WARN_BLOCK_CAPTURE_AUTORELEASING = YES;
				CLANG_WARN_BOOL_CONVERSION = YES;
				CLANG_WARN_COMMA = YES;
				CLANG_WARN_CONSTANT_CONVERSION = YES;
				CLANG_WARN_DEPRECATED_OBJC_IMPLEMENTATIONS = YES;
				CLANG_WARN_DIRECT_OBJC_ISA_USAGE = YES_ERROR;
				CLANG_WARN_EMPTY_BODY = YES;
				CLANG_WARN_ENUM_CONVERSION = YES;
				CLANG_WARN_INFINITE_RECURSION = YES;
				CLANG_WARN_INT_CONVERSION = YES;
				CLANG_WARN_NON_LITERAL_NULL_CONVERSION = YES;
				CLANG_WARN_OBJC_IMPLICIT_RETAIN_SELF = YES;
				CLANG_WARN_OBJC_LITERAL_CONVERSION = YES;
				CLANG_WARN_OBJC_ROOT_CLASS = YES_ERROR;
				CLANG_WARN_RANGE_LOOP_ANALYSIS = YES;
				CLANG_WARN_STRICT_PROTOTYPES = YES;
				CLANG_WARN_SUSPICIOUS_MOVE = YES;
				CLANG_WARN_UNREACHABLE_CODE = YES;
				CLANG_WARN__DUPLICATE_METHOD_MATCH = YES;
				"CODE_SIGN_IDENTITY[sdk=iphoneos*]" = "iPhone Developer";
				COPY_PHASE_STRIP = NO;
				ENABLE_STRICT_OBJC_MSGSEND = YES;
				ENABLE_TESTABILITY = YES;
				GCC_C_LANGUAGE_STANDARD = gnu99;
				GCC_DYNAMIC_NO_PIC = NO;
				GCC_NO_COMMON_BLOCKS = YES;
				GCC_OPTIMIZATION_LEVEL = 0;
				GCC_PREPROCESSOR_DEFINITIONS = (
					"DEBUG=1",
					"$(inherited)",
				);
				GCC_SYMBOLS_PRIVATE_EXTERN = NO;
				GCC_WARN_64_TO_32_BIT_CONVERSION = YES;
				GCC_WARN_ABOUT_RETURN_TYPE = YES_ERROR;
				GCC_WARN_UNDECLARED_SELECTOR = YES;
				GCC_WARN_UNINITIALIZED_AUTOS = YES_AGGRESSIVE;
				GCC_WARN_UNUSED_FUNCTION = YES;
				GCC_WARN_UNUSED_VARIABLE = YES;
				MTL_ENABLE_DEBUG_INFO = YES;
				ONLY_ACTIVE_ARCH = YES;
				SDKROOT = iphoneos;
				SWIFT_OPTIMIZATION_LEVEL = "-Onone";
				SWIFT_VERSION = 4.2;
			};
			name = Debug;
		};
		42801B6D1A881DF600DEB026 /* Release */ = {
			isa = XCBuildConfiguration;
			buildSettings = {
				ALWAYS_SEARCH_USER_PATHS = NO;
				CLANG_CXX_LANGUAGE_STANDARD = "gnu++0x";
				CLANG_CXX_LIBRARY = "libc++";
				CLANG_ENABLE_MODULES = YES;
				CLANG_ENABLE_OBJC_ARC = YES;
				CLANG_WARN_BLOCK_CAPTURE_AUTORELEASING = YES;
				CLANG_WARN_BOOL_CONVERSION = YES;
				CLANG_WARN_COMMA = YES;
				CLANG_WARN_CONSTANT_CONVERSION = YES;
				CLANG_WARN_DEPRECATED_OBJC_IMPLEMENTATIONS = YES;
				CLANG_WARN_DIRECT_OBJC_ISA_USAGE = YES_ERROR;
				CLANG_WARN_EMPTY_BODY = YES;
				CLANG_WARN_ENUM_CONVERSION = YES;
				CLANG_WARN_INFINITE_RECURSION = YES;
				CLANG_WARN_INT_CONVERSION = YES;
				CLANG_WARN_NON_LITERAL_NULL_CONVERSION = YES;
				CLANG_WARN_OBJC_IMPLICIT_RETAIN_SELF = YES;
				CLANG_WARN_OBJC_LITERAL_CONVERSION = YES;
				CLANG_WARN_OBJC_ROOT_CLASS = YES_ERROR;
				CLANG_WARN_RANGE_LOOP_ANALYSIS = YES;
				CLANG_WARN_STRICT_PROTOTYPES = YES;
				CLANG_WARN_SUSPICIOUS_MOVE = YES;
				CLANG_WARN_UNREACHABLE_CODE = YES;
				CLANG_WARN__DUPLICATE_METHOD_MATCH = YES;
				"CODE_SIGN_IDENTITY[sdk=iphoneos*]" = "iPhone Developer";
				COPY_PHASE_STRIP = YES;
				ENABLE_NS_ASSERTIONS = NO;
				ENABLE_STRICT_OBJC_MSGSEND = YES;
				GCC_C_LANGUAGE_STANDARD = gnu99;
				GCC_NO_COMMON_BLOCKS = YES;
				GCC_WARN_64_TO_32_BIT_CONVERSION = YES;
				GCC_WARN_ABOUT_RETURN_TYPE = YES_ERROR;
				GCC_WARN_UNDECLARED_SELECTOR = YES;
				GCC_WARN_UNINITIALIZED_AUTOS = YES_AGGRESSIVE;
				GCC_WARN_UNUSED_FUNCTION = YES;
				GCC_WARN_UNUSED_VARIABLE = YES;
				MTL_ENABLE_DEBUG_INFO = NO;
				SDKROOT = iphoneos;
				SWIFT_COMPILATION_MODE = wholemodule;
				SWIFT_VERSION = 4.2;
				VALIDATE_PRODUCT = YES;
			};
			name = Release;
		};
		42801B6F1A881DF600DEB026 /* Debug */ = {
			isa = XCBuildConfiguration;
			baseConfigurationReference = 7342C01DCB8CB9297FD4C2B4 /* Pods-IceCreamShop.debug.xcconfig */;
			buildSettings = {
				ASSETCATALOG_COMPILER_APPICON_NAME = AppIcon;
				CLANG_ENABLE_MODULES = YES;
				INFOPLIST_FILE = IceCreamShop/Info.plist;
				LD_RUNPATH_SEARCH_PATHS = "$(inherited) @executable_path/Frameworks";
				PRODUCT_BUNDLE_IDENTIFIER = com.razeware.IceCreamShop;
				PRODUCT_NAME = "$(TARGET_NAME)";
				SWIFT_OBJC_BRIDGING_HEADER = "IceCreamShop/IceCreamShop-Bridging-Header.h";
				SWIFT_OPTIMIZATION_LEVEL = "-Onone";
				SWIFT_VERSION = 4.2;
				TARGETED_DEVICE_FAMILY = 1;
			};
			name = Debug;
		};
		42801B701A881DF600DEB026 /* Release */ = {
			isa = XCBuildConfiguration;
			baseConfigurationReference = D9E69C63C94D0CE496526C74 /* Pods-IceCreamShop.release.xcconfig */;
			buildSettings = {
				ASSETCATALOG_COMPILER_APPICON_NAME = AppIcon;
				CLANG_ENABLE_MODULES = YES;
				INFOPLIST_FILE = IceCreamShop/Info.plist;
				LD_RUNPATH_SEARCH_PATHS = "$(inherited) @executable_path/Frameworks";
				PRODUCT_BUNDLE_IDENTIFIER = com.razeware.IceCreamShop;
				PRODUCT_NAME = "$(TARGET_NAME)";
				SWIFT_OBJC_BRIDGING_HEADER = "IceCreamShop/IceCreamShop-Bridging-Header.h";
				SWIFT_VERSION = 4.2;
				TARGETED_DEVICE_FAMILY = 1;
			};
			name = Release;
		};
/* End XCBuildConfiguration section */

/* Begin XCConfigurationList section */
		42801B4A1A881DF600DEB026 /* Build configuration list for PBXProject "IceCreamShop" */ = {
			isa = XCConfigurationList;
			buildConfigurations = (
				42801B6C1A881DF600DEB026 /* Debug */,
				42801B6D1A881DF600DEB026 /* Release */,
			);
			defaultConfigurationIsVisible = 0;
			defaultConfigurationName = Release;
		};
		42801B6E1A881DF600DEB026 /* Build configuration list for PBXNativeTarget "IceCreamShop" */ = {
			isa = XCConfigurationList;
			buildConfigurations = (
				42801B6F1A881DF600DEB026 /* Debug */,
				42801B701A881DF600DEB026 /* Release */,
			);
			defaultConfigurationIsVisible = 0;
			defaultConfigurationName = Release;
		};
/* End XCConfigurationList section */
	};
	rootObject = 42801B471A881DF600DEB026 /* Project object */;
}
